
Microsoft Visual Studio Solution File, Format Version 12.00
# Visual Studio 15
VisualStudioVersion = 15.0.28307.1209
MinimumVisualStudioVersion = 10.0.40219.1
Project("{888888A0-9F3D-457C-B088-3A5042F75D52}") = "bitcoin_demo", "bitcoin_demo\bitcoin_demo.pyproj", "{0650ACFB-6FBE-4A16-9574-DEE8886751C3}"
EndProject
Global
	GlobalSection(SolutionConfigurationPlatforms) = preSolution
		Debug|Any CPU = Debug|Any CPU
		Release|Any CPU = Release|Any CPU
	EndGlobalSection
	GlobalSection(ProjectConfigurationPlatforms) = postSolution
		{0650ACFB-6FBE-4A16-9574-DEE8886751C3}.Debug|Any CPU.ActiveCfg = Debug|Any CPU
		{0650ACFB-6FBE-4A16-9574-DEE8886751C3}.Release|Any CPU.ActiveCfg = Release|Any CPU
	EndGlobalSection
	GlobalSection(SolutionProperties) = preSolution
		HideSolutionNode = FALSE
	EndGlobalSection
	GlobalSection(ExtensibilityGlobals) = postSolution
		SolutionGuid = {AB449087-C0F7-4B71-BB48-43161CD538F2}
	EndGlobalSection
EndGlobal
